
Microsoft Visual Studio Solution File, Format Version 12.00
# Visual Studio Version 16
VisualStudioVersion = 16.0.30225.117
MinimumVisualStudioVersion = 10.0.40219.1
Project("{FAE04EC0-301F-11D3-BF4B-00C04F79EFBC}") = "ZAPP", "ZAPP\ZAPP.csproj", "{CA208B22-B5F2-4FC5-B999-773F295BBF9D}"
EndProject
Global
	GlobalSection(SolutionConfigurationPlatforms) = preSolution
		Debug|Any CPU = Debug|Any CPU
		Release|Any CPU = Release|Any CPU
	EndGlobalSection
	GlobalSection(ProjectConfigurationPlatforms) = postSolution
		{CA208B22-B5F2-4FC5-B999-773F295BBF9D}.Debug|Any CPU.ActiveCfg = Debug|Any CPU
		{CA208B22-B5F2-4FC5-B999-773F295BBF9D}.Debug|Any CPU.Build.0 = Debug|Any CPU
		{CA208B22-B5F2-4FC5-B999-773F295BBF9D}.Debug|Any CPU.Deploy.0 = Debug|Any CPU
		{CA208B22-B5F2-4FC5-B999-773F295BBF9D}.Release|Any CPU.ActiveCfg = Release|Any CPU
		{CA208B22-B5F2-4FC5-B999-773F295BBF9D}.Release|Any CPU.Build.0 = Release|Any CPU
		{CA208B22-B5F2-4FC5-B999-773F295BBF9D}.Release|Any CPU.Deploy.0 = Release|Any CPU
	EndGlobalSection
	GlobalSection(SolutionProperties) = preSolution
		HideSolutionNode = FALSE
	EndGlobalSection
	GlobalSection(ExtensibilityGlobals) = postSolution
		SolutionGuid = {AE7A9222-8BE7-4C48-AE18-B22D28AE9074}
	EndGlobalSection
EndGlobal
